
Microsoft Visual Studio Solution File, Format Version 12.00
# Visual Studio 14
VisualStudioVersion = 14.0.25123.0
MinimumVisualStudioVersion = 10.0.40219.1
Project("{8BC9CEB8-8B4A-11D0-8D11-00A0C91BC942}") = "FinSys.Mobile.Calc.Android", "FinSys.Mobile.Calc\FinSys.Mobile.Calc.Android\FinSys.Mobile.Calc.Android.vcxproj", "{13A91E72-76D7-4EC7-92F8-2912FB69126E}"
EndProject
Project("{8BC9CEB8-8B4A-11D0-8D11-00A0C91BC942}") = "FinSys.Mobile.Calc.iOS", "FinSys.Mobile.Calc\FinSys.Mobile.Calc.iOS\FinSys.Mobile.Calc.iOS.vcxproj", "{298D4EA3-0478-48F4-85B1-7445AB0A79CC}"
EndProject
Project("{8BC9CEB8-8B4A-11D0-8D11-00A0C91BC942}") = "FinSys.Mobile.Calc.Shared", "FinSys.Mobile.Calc\FinSys.Mobile.Calc.Shared\FinSys.Mobile.Calc.Shared.vcxitems", "{6C49CAD6-78A4-4954-841E-5F26E24AA799}"
EndProject
Project("{8BC9CEB8-8B4A-11D0-8D11-00A0C91BC942}") = "Calc", "Calc\Calc.vcxproj", "{99FDC062-CC75-4056-9C73-09526177C97C}"
EndProject
Global
	GlobalSection(SharedMSBuildProjectFiles) = preSolution
		FinSys.Mobile.Calc\FinSys.Mobile.Calc.Shared\FinSys.Mobile.Calc.Shared.vcxitems*{6c49cad6-78a4-4954-841e-5f26e24aa799}*SharedItemsImports = 9
		FinSys.Mobile.Calc\FinSys.Mobile.Calc.Shared\FinSys.Mobile.Calc.Shared.vcxitems*{13a91e72-76d7-4ec7-92f8-2912fb69126e}*SharedItemsImports = 4
		FinSys.Mobile.Calc\FinSys.Mobile.Calc.Shared\FinSys.Mobile.Calc.Shared.vcxitems*{298d4ea3-0478-48f4-85b1-7445ab0a79cc}*SharedItemsImports = 4
	EndGlobalSection
	GlobalSection(SolutionConfigurationPlatforms) = preSolution
		Debug|ARM = Debug|ARM
		Debug|ARM64 = Debug|ARM64
		Debug|x64 = Debug|x64
		Debug|x86 = Debug|x86
		Release|ARM = Release|ARM
		Release|ARM64 = Release|ARM64
		Release|x64 = Release|x64
		Release|x86 = Release|x86
	EndGlobalSection
	GlobalSection(ProjectConfigurationPlatforms) = postSolution
		{13A91E72-76D7-4EC7-92F8-2912FB69126E}.Debug|ARM.ActiveCfg = Debug|ARM
		{13A91E72-76D7-4EC7-92F8-2912FB69126E}.Debug|ARM.Build.0 = Debug|ARM
		{13A91E72-76D7-4EC7-92F8-2912FB69126E}.Debug|ARM64.ActiveCfg = Debug|ARM64
		{13A91E72-76D7-4EC7-92F8-2912FB69126E}.Debug|ARM64.Build.0 = Debug|ARM64
		{13A91E72-76D7-4EC7-92F8-2912FB69126E}.Debug|x64.ActiveCfg = Debug|x64
		{13A91E72-76D7-4EC7-92F8-2912FB69126E}.Debug|x64.Build.0 = Debug|x64
		{13A91E72-76D7-4EC7-92F8-2912FB69126E}.Debug|x86.ActiveCfg = Debug|x86
		{13A91E72-76D7-4EC7-92F8-2912FB69126E}.Debug|x86.Build.0 = Debug|x86
		{13A91E72-76D7-4EC7-92F8-2912FB69126E}.Debug|x86.Deploy.0 = Debug|x86
		{13A91E72-76D7-4EC7-92F8-2912FB69126E}.Release|ARM.ActiveCfg = Release|ARM
		{13A91E72-76D7-4EC7-92F8-2912FB69126E}.Release|ARM.Build.0 = Release|ARM
		{13A91E72-76D7-4EC7-92F8-2912FB69126E}.Release|ARM64.ActiveCfg = Release|ARM64
		{13A91E72-76D7-4EC7-92F8-2912FB69126E}.Release|ARM64.Build.0 = Release|ARM64
		{13A91E72-76D7-4EC7-92F8-2912FB69126E}.Release|x64.ActiveCfg = Release|x64
		{13A91E72-76D7-4EC7-92F8-2912FB69126E}.Release|x64.Build.0 = Release|x64
		{13A91E72-76D7-4EC7-92F8-2912FB69126E}.Release|x86.ActiveCfg = Release|x86
		{13A91E72-76D7-4EC7-92F8-2912FB69126E}.Release|x86.Build.0 = Release|x86
		{298D4EA3-0478-48F4-85B1-7445AB0A79CC}.Debug|ARM.ActiveCfg = Debug|ARM
		{298D4EA3-0478-48F4-85B1-7445AB0A79CC}.Debug|ARM.Build.0 = Debug|ARM
		{298D4EA3-0478-48F4-85B1-7445AB0A79CC}.Debug|ARM64.ActiveCfg = Debug|ARM64
		{298D4EA3-0478-48F4-85B1-7445AB0A79CC}.Debug|ARM64.Build.0 = Debug|ARM64
		{298D4EA3-0478-48F4-85B1-7445AB0A79CC}.Debug|x64.ActiveCfg = Debug|x64
		{298D4EA3-0478-48F4-85B1-7445AB0A79CC}.Debug|x64.Build.0 = Debug|x64
		{298D4EA3-0478-48F4-85B1-7445AB0A79CC}.Debug|x86.ActiveCfg = Debug|x86
		{298D4EA3-0478-48F4-85B1-7445AB0A79CC}.Debug|x86.Build.0 = Debug|x86
		{298D4EA3-0478-48F4-85B1-7445AB0A79CC}.Debug|x86.Deploy.0 = Debug|x86
		{298D4EA3-0478-48F4-85B1-7445AB0A79CC}.Release|ARM.ActiveCfg = Release|ARM
		{298D4EA3-0478-48F4-85B1-7445AB0A79CC}.Release|ARM.Build.0 = Release|ARM
		{298D4EA3-0478-48F4-85B1-7445AB0A79CC}.Release|ARM64.ActiveCfg = Release|ARM64
		{298D4EA3-0478-48F4-85B1-7445AB0A79CC}.Release|ARM64.Build.0 = Release|ARM64
		{298D4EA3-0478-48F4-85B1-7445AB0A79CC}.Release|x64.ActiveCfg = Release|x64
		{298D4EA3-0478-48F4-85B1-7445AB0A79CC}.Release|x64.Build.0 = Release|x64
		{298D4EA3-0478-48F4-85B1-7445AB0A79CC}.Release|x86.ActiveCfg = Release|x86
		{298D4EA3-0478-48F4-85B1-7445AB0A79CC}.Release|x86.Build.0 = Release|x86
		{99FDC062-CC75-4056-9C73-09526177C97C}.Debug|ARM.ActiveCfg = Debug|Win32
		{99FDC062-CC75-4056-9C73-09526177C97C}.Debug|ARM64.ActiveCfg = Debug|Win32
		{99FDC062-CC75-4056-9C73-09526177C97C}.Debug|x64.ActiveCfg = Debug|Win32
		{99FDC062-CC75-4056-9C73-09526177C97C}.Debug|x86.ActiveCfg = Debug|Win32
		{99FDC062-CC75-4056-9C73-09526177C97C}.Debug|x86.Build.0 = Debug|Win32
		{99FDC062-CC75-4056-9C73-09526177C97C}.Release|ARM.ActiveCfg = Release|Win32
		{99FDC062-CC75-4056-9C73-09526177C97C}.Release|ARM64.ActiveCfg = Release|Win32
		{99FDC062-CC75-4056-9C73-09526177C97C}.Release|x64.ActiveCfg = Release|Win32
		{99FDC062-CC75-4056-9C73-09526177C97C}.Release|x86.ActiveCfg = Release|Win32
		{99FDC062-CC75-4056-9C73-09526177C97C}.Release|x86.Build.0 = Release|Win32
	EndGlobalSection
	GlobalSection(SolutionProperties) = preSolution
		HideSolutionNode = FALSE
	EndGlobalSection
EndGlobal
