
Microsoft Visual Studio Solution File, Format Version 12.00
# Visual Studio 14
VisualStudioVersion = 14.0.24720.0
MinimumVisualStudioVersion = 10.0.40219.1
Project("{8BC9CEB8-8B4A-11D0-8D11-00A0C91BC942}") = "Calc", "Calc\Calc.vcxproj", "{99FDC062-CC75-4056-9C73-09526177C97C}"
EndProject
Project("{FAE04EC0-301F-11D3-BF4B-00C04F79EFBC}") = "CalcTests", "CalcTests\CalcTests.csproj", "{E218AD31-02BB-4FD2-B764-BDB8082FDA1A}"
EndProject
Project("{8BB2217D-0F2D-49D1-97BC-3654ED321F3B}") = "FinSys.Calculator", "FinSys.Calculator\FinSys.Calculator.xproj", "{0AC997F2-DCA3-4541-BE87-8514A11A91AD}"
EndProject
Global
	GlobalSection(SolutionConfigurationPlatforms) = preSolution
		Debug|Any CPU = Debug|Any CPU
		Debug|ARM = Debug|ARM
		Debug|x64 = Debug|x64
		Debug|x86 = Debug|x86
		Release|Any CPU = Release|Any CPU
		Release|ARM = Release|ARM
		Release|x64 = Release|x64
		Release|x86 = Release|x86
	EndGlobalSection
	GlobalSection(ProjectConfigurationPlatforms) = postSolution
		{99FDC062-CC75-4056-9C73-09526177C97C}.Debug|Any CPU.ActiveCfg = Debug|Win32
		{99FDC062-CC75-4056-9C73-09526177C97C}.Debug|ARM.ActiveCfg = Debug|Win32
		{99FDC062-CC75-4056-9C73-09526177C97C}.Debug|ARM.Build.0 = Debug|Win32
		{99FDC062-CC75-4056-9C73-09526177C97C}.Debug|x64.ActiveCfg = Debug|Win32
		{99FDC062-CC75-4056-9C73-09526177C97C}.Debug|x86.ActiveCfg = Debug|Win32
		{99FDC062-CC75-4056-9C73-09526177C97C}.Debug|x86.Build.0 = Debug|Win32
		{99FDC062-CC75-4056-9C73-09526177C97C}.Release|Any CPU.ActiveCfg = Release|Win32
		{99FDC062-CC75-4056-9C73-09526177C97C}.Release|ARM.ActiveCfg = Release|Win32
		{99FDC062-CC75-4056-9C73-09526177C97C}.Release|x64.ActiveCfg = Release|Win32
		{99FDC062-CC75-4056-9C73-09526177C97C}.Release|x86.ActiveCfg = Release|Win32
		{99FDC062-CC75-4056-9C73-09526177C97C}.Release|x86.Build.0 = Release|Win32
		{E218AD31-02BB-4FD2-B764-BDB8082FDA1A}.Debug|Any CPU.ActiveCfg = Debug|Any CPU
		{E218AD31-02BB-4FD2-B764-BDB8082FDA1A}.Debug|Any CPU.Build.0 = Debug|Any CPU
		{E218AD31-02BB-4FD2-B764-BDB8082FDA1A}.Debug|ARM.ActiveCfg = Debug|Any CPU
		{E218AD31-02BB-4FD2-B764-BDB8082FDA1A}.Debug|ARM.Build.0 = Debug|Any CPU
		{E218AD31-02BB-4FD2-B764-BDB8082FDA1A}.Debug|x64.ActiveCfg = Debug|Any CPU
		{E218AD31-02BB-4FD2-B764-BDB8082FDA1A}.Debug|x64.Build.0 = Debug|Any CPU
		{E218AD31-02BB-4FD2-B764-BDB8082FDA1A}.Debug|x86.ActiveCfg = Debug|Any CPU
		{E218AD31-02BB-4FD2-B764-BDB8082FDA1A}.Debug|x86.Build.0 = Debug|Any CPU
		{E218AD31-02BB-4FD2-B764-BDB8082FDA1A}.Release|Any CPU.ActiveCfg = Release|Any CPU
		{E218AD31-02BB-4FD2-B764-BDB8082FDA1A}.Release|Any CPU.Build.0 = Release|Any CPU
		{E218AD31-02BB-4FD2-B764-BDB8082FDA1A}.Release|ARM.ActiveCfg = Release|Any CPU
		{E218AD31-02BB-4FD2-B764-BDB8082FDA1A}.Release|ARM.Build.0 = Release|Any CPU
		{E218AD31-02BB-4FD2-B764-BDB8082FDA1A}.Release|x64.ActiveCfg = Release|Any CPU
		{E218AD31-02BB-4FD2-B764-BDB8082FDA1A}.Release|x64.Build.0 = Release|Any CPU
		{E218AD31-02BB-4FD2-B764-BDB8082FDA1A}.Release|x86.ActiveCfg = Release|Any CPU
		{E218AD31-02BB-4FD2-B764-BDB8082FDA1A}.Release|x86.Build.0 = Release|Any CPU
		{0AC997F2-DCA3-4541-BE87-8514A11A91AD}.Debug|Any CPU.ActiveCfg = Debug|Any CPU
		{0AC997F2-DCA3-4541-BE87-8514A11A91AD}.Debug|Any CPU.Build.0 = Debug|Any CPU
		{0AC997F2-DCA3-4541-BE87-8514A11A91AD}.Debug|ARM.ActiveCfg = Debug|Any CPU
		{0AC997F2-DCA3-4541-BE87-8514A11A91AD}.Debug|ARM.Build.0 = Debug|Any CPU
		{0AC997F2-DCA3-4541-BE87-8514A11A91AD}.Debug|x64.ActiveCfg = Debug|Any CPU
		{0AC997F2-DCA3-4541-BE87-8514A11A91AD}.Debug|x64.Build.0 = Debug|Any CPU
		{0AC997F2-DCA3-4541-BE87-8514A11A91AD}.Debug|x86.ActiveCfg = Debug|Any CPU
		{0AC997F2-DCA3-4541-BE87-8514A11A91AD}.Debug|x86.Build.0 = Debug|Any CPU
		{0AC997F2-DCA3-4541-BE87-8514A11A91AD}.Release|Any CPU.ActiveCfg = Release|Any CPU
		{0AC997F2-DCA3-4541-BE87-8514A11A91AD}.Release|Any CPU.Build.0 = Release|Any CPU
		{0AC997F2-DCA3-4541-BE87-8514A11A91AD}.Release|ARM.ActiveCfg = Release|Any CPU
		{0AC997F2-DCA3-4541-BE87-8514A11A91AD}.Release|ARM.Build.0 = Release|Any CPU
		{0AC997F2-DCA3-4541-BE87-8514A11A91AD}.Release|x64.ActiveCfg = Release|Any CPU
		{0AC997F2-DCA3-4541-BE87-8514A11A91AD}.Release|x64.Build.0 = Release|Any CPU
		{0AC997F2-DCA3-4541-BE87-8514A11A91AD}.Release|x86.ActiveCfg = Release|Any CPU
		{0AC997F2-DCA3-4541-BE87-8514A11A91AD}.Release|x86.Build.0 = Release|Any CPU
	EndGlobalSection
	GlobalSection(SolutionProperties) = preSolution
		HideSolutionNode = FALSE
	EndGlobalSection
EndGlobal
