
Microsoft Visual Studio Solution File, Format Version 12.00
# Visual Studio 14
VisualStudioVersion = 14.0.25123.0
MinimumVisualStudioVersion = 10.0.40219.1
Project("{FAE04EC0-301F-11D3-BF4B-00C04F79EFBC}") = "FinSys.Mobile.Droid", "FinSys.Mobile\FinSys.Mobile.Droid\FinSys.Mobile.Droid.csproj", "{10B5D9F5-914C-4C8F-8F90-97CD8E6D5D3D}"
EndProject
Project("{FAE04EC0-301F-11D3-BF4B-00C04F79EFBC}") = "FinSys.Mobile.iOS", "FinSys.Mobile\FinSys.Mobile.iOS\FinSys.Mobile.iOS.csproj", "{C9383093-3531-4DE5-94F8-5A8F1A474466}"
EndProject
Project("{FAE04EC0-301F-11D3-BF4B-00C04F79EFBC}") = "FinSys.Mobile.WinPhone", "FinSys.Mobile\FinSys.Mobile.WinPhone\FinSys.Mobile.WinPhone.csproj", "{F542F6AA-2FB5-4FB8-9637-98E5F7FEF52F}"
EndProject
Project("{FAE04EC0-301F-11D3-BF4B-00C04F79EFBC}") = "FinSys.Mobile.UWP", "FinSys.Mobile\FinSys.Mobile.UWP\FinSys.Mobile.UWP.csproj", "{23B98B4A-6392-4E14-94B6-740C185CCDFA}"
EndProject
Project("{FAE04EC0-301F-11D3-BF4B-00C04F79EFBC}") = "FinSys.Mobile.Windows", "FinSys.Mobile\FinSys.Mobile.Windows\FinSys.Mobile.Windows.csproj", "{217BE188-AA70-4608-A452-D292C5776091}"
EndProject
Project("{FAE04EC0-301F-11D3-BF4B-00C04F79EFBC}") = "FinSys.Mobile", "FinSys.Mobile\FinSys.Mobile\FinSys.Mobile.csproj", "{3DE45A5E-3585-4634-9C56-37B2A55A4F20}"
EndProject
Project("{8BC9CEB8-8B4A-11D0-8D11-00A0C91BC942}") = "FinSys.Mobile.Calc.Shared", "FinSys.Mobile.Calc\FinSys.Mobile.Calc.Shared\FinSys.Mobile.Calc.Shared.vcxitems", "{6C49CAD6-78A4-4954-841E-5F26E24AA799}"
EndProject
Project("{8BC9CEB8-8B4A-11D0-8D11-00A0C91BC942}") = "FinSys.Mobile.Calc.Android", "FinSys.Mobile.Calc\FinSys.Mobile.Calc.Android\FinSys.Mobile.Calc.Android.vcxproj", "{13A91E72-76D7-4EC7-92F8-2912FB69126E}"
EndProject
Project("{8BC9CEB8-8B4A-11D0-8D11-00A0C91BC942}") = "FinSys.Mobile.Calc.iOS", "FinSys.Mobile.Calc\FinSys.Mobile.Calc.iOS\FinSys.Mobile.Calc.iOS.vcxproj", "{298D4EA3-0478-48F4-85B1-7445AB0A79CC}"
EndProject
Global
	GlobalSection(SharedMSBuildProjectFiles) = preSolution
		FinSys.Mobile.Calc\FinSys.Mobile.Calc.Shared\FinSys.Mobile.Calc.Shared.vcxitems*{6c49cad6-78a4-4954-841e-5f26e24aa799}*SharedItemsImports = 9
		FinSys.Mobile.Calc\FinSys.Mobile.Calc.Shared\FinSys.Mobile.Calc.Shared.vcxitems*{13a91e72-76d7-4ec7-92f8-2912fb69126e}*SharedItemsImports = 4
		FinSys.Mobile.Calc\FinSys.Mobile.Calc.Shared\FinSys.Mobile.Calc.Shared.vcxitems*{298d4ea3-0478-48f4-85b1-7445ab0a79cc}*SharedItemsImports = 4
	EndGlobalSection
	GlobalSection(SolutionConfigurationPlatforms) = preSolution
		Ad-Hoc|Any CPU = Ad-Hoc|Any CPU
		Ad-Hoc|ARM = Ad-Hoc|ARM
		Ad-Hoc|ARM64 = Ad-Hoc|ARM64
		Ad-Hoc|iPhone = Ad-Hoc|iPhone
		Ad-Hoc|iPhoneSimulator = Ad-Hoc|iPhoneSimulator
		Ad-Hoc|x64 = Ad-Hoc|x64
		Ad-Hoc|x86 = Ad-Hoc|x86
		AppStore|Any CPU = AppStore|Any CPU
		AppStore|ARM = AppStore|ARM
		AppStore|ARM64 = AppStore|ARM64
		AppStore|iPhone = AppStore|iPhone
		AppStore|iPhoneSimulator = AppStore|iPhoneSimulator
		AppStore|x64 = AppStore|x64
		AppStore|x86 = AppStore|x86
		Debug|Any CPU = Debug|Any CPU
		Debug|ARM = Debug|ARM
		Debug|ARM64 = Debug|ARM64
		Debug|iPhone = Debug|iPhone
		Debug|iPhoneSimulator = Debug|iPhoneSimulator
		Debug|x64 = Debug|x64
		Debug|x86 = Debug|x86
		Release|Any CPU = Release|Any CPU
		Release|ARM = Release|ARM
		Release|ARM64 = Release|ARM64
		Release|iPhone = Release|iPhone
		Release|iPhoneSimulator = Release|iPhoneSimulator
		Release|x64 = Release|x64
		Release|x86 = Release|x86
	EndGlobalSection
	GlobalSection(ProjectConfigurationPlatforms) = postSolution
		{10B5D9F5-914C-4C8F-8F90-97CD8E6D5D3D}.Ad-Hoc|Any CPU.ActiveCfg = Release|Any CPU
		{10B5D9F5-914C-4C8F-8F90-97CD8E6D5D3D}.Ad-Hoc|Any CPU.Build.0 = Release|Any CPU
		{10B5D9F5-914C-4C8F-8F90-97CD8E6D5D3D}.Ad-Hoc|Any CPU.Deploy.0 = Release|Any CPU
		{10B5D9F5-914C-4C8F-8F90-97CD8E6D5D3D}.Ad-Hoc|ARM.ActiveCfg = Release|Any CPU
		{10B5D9F5-914C-4C8F-8F90-97CD8E6D5D3D}.Ad-Hoc|ARM.Build.0 = Release|Any CPU
		{10B5D9F5-914C-4C8F-8F90-97CD8E6D5D3D}.Ad-Hoc|ARM.Deploy.0 = Release|Any CPU
		{10B5D9F5-914C-4C8F-8F90-97CD8E6D5D3D}.Ad-Hoc|ARM64.ActiveCfg = Release|Any CPU
		{10B5D9F5-914C-4C8F-8F90-97CD8E6D5D3D}.Ad-Hoc|ARM64.Build.0 = Release|Any CPU
		{10B5D9F5-914C-4C8F-8F90-97CD8E6D5D3D}.Ad-Hoc|ARM64.Deploy.0 = Release|Any CPU
		{10B5D9F5-914C-4C8F-8F90-97CD8E6D5D3D}.Ad-Hoc|iPhone.ActiveCfg = Release|Any CPU
		{10B5D9F5-914C-4C8F-8F90-97CD8E6D5D3D}.Ad-Hoc|iPhone.Build.0 = Release|Any CPU
		{10B5D9F5-914C-4C8F-8F90-97CD8E6D5D3D}.Ad-Hoc|iPhone.Deploy.0 = Release|Any CPU
		{10B5D9F5-914C-4C8F-8F90-97CD8E6D5D3D}.Ad-Hoc|iPhoneSimulator.ActiveCfg = Release|Any CPU
		{10B5D9F5-914C-4C8F-8F90-97CD8E6D5D3D}.Ad-Hoc|iPhoneSimulator.Build.0 = Release|Any CPU
		{10B5D9F5-914C-4C8F-8F90-97CD8E6D5D3D}.Ad-Hoc|iPhoneSimulator.Deploy.0 = Release|Any CPU
		{10B5D9F5-914C-4C8F-8F90-97CD8E6D5D3D}.Ad-Hoc|x64.ActiveCfg = Release|Any CPU
		{10B5D9F5-914C-4C8F-8F90-97CD8E6D5D3D}.Ad-Hoc|x64.Build.0 = Release|Any CPU
		{10B5D9F5-914C-4C8F-8F90-97CD8E6D5D3D}.Ad-Hoc|x64.Deploy.0 = Release|Any CPU
		{10B5D9F5-914C-4C8F-8F90-97CD8E6D5D3D}.Ad-Hoc|x86.ActiveCfg = Release|Any CPU
		{10B5D9F5-914C-4C8F-8F90-97CD8E6D5D3D}.Ad-Hoc|x86.Build.0 = Release|Any CPU
		{10B5D9F5-914C-4C8F-8F90-97CD8E6D5D3D}.Ad-Hoc|x86.Deploy.0 = Release|Any CPU
		{10B5D9F5-914C-4C8F-8F90-97CD8E6D5D3D}.AppStore|Any CPU.ActiveCfg = Release|Any CPU
		{10B5D9F5-914C-4C8F-8F90-97CD8E6D5D3D}.AppStore|Any CPU.Build.0 = Release|Any CPU
		{10B5D9F5-914C-4C8F-8F90-97CD8E6D5D3D}.AppStore|Any CPU.Deploy.0 = Release|Any CPU
		{10B5D9F5-914C-4C8F-8F90-97CD8E6D5D3D}.AppStore|ARM.ActiveCfg = Release|Any CPU
		{10B5D9F5-914C-4C8F-8F90-97CD8E6D5D3D}.AppStore|ARM.Build.0 = Release|Any CPU
		{10B5D9F5-914C-4C8F-8F90-97CD8E6D5D3D}.AppStore|ARM.Deploy.0 = Release|Any CPU
		{10B5D9F5-914C-4C8F-8F90-97CD8E6D5D3D}.AppStore|ARM64.ActiveCfg = Release|Any CPU
		{10B5D9F5-914C-4C8F-8F90-97CD8E6D5D3D}.AppStore|ARM64.Build.0 = Release|Any CPU
		{10B5D9F5-914C-4C8F-8F90-97CD8E6D5D3D}.AppStore|ARM64.Deploy.0 = Release|Any CPU
		{10B5D9F5-914C-4C8F-8F90-97CD8E6D5D3D}.AppStore|iPhone.ActiveCfg = Release|Any CPU
		{10B5D9F5-914C-4C8F-8F90-97CD8E6D5D3D}.AppStore|iPhone.Build.0 = Release|Any CPU
		{10B5D9F5-914C-4C8F-8F90-97CD8E6D5D3D}.AppStore|iPhone.Deploy.0 = Release|Any CPU
		{10B5D9F5-914C-4C8F-8F90-97CD8E6D5D3D}.AppStore|iPhoneSimulator.ActiveCfg = Release|Any CPU
		{10B5D9F5-914C-4C8F-8F90-97CD8E6D5D3D}.AppStore|iPhoneSimulator.Build.0 = Release|Any CPU
		{10B5D9F5-914C-4C8F-8F90-97CD8E6D5D3D}.AppStore|iPhoneSimulator.Deploy.0 = Release|Any CPU
		{10B5D9F5-914C-4C8F-8F90-97CD8E6D5D3D}.AppStore|x64.ActiveCfg = Release|Any CPU
		{10B5D9F5-914C-4C8F-8F90-97CD8E6D5D3D}.AppStore|x64.Build.0 = Release|Any CPU
		{10B5D9F5-914C-4C8F-8F90-97CD8E6D5D3D}.AppStore|x64.Deploy.0 = Release|Any CPU
		{10B5D9F5-914C-4C8F-8F90-97CD8E6D5D3D}.AppStore|x86.ActiveCfg = Release|Any CPU
		{10B5D9F5-914C-4C8F-8F90-97CD8E6D5D3D}.AppStore|x86.Build.0 = Release|Any CPU
		{10B5D9F5-914C-4C8F-8F90-97CD8E6D5D3D}.AppStore|x86.Deploy.0 = Release|Any CPU
		{10B5D9F5-914C-4C8F-8F90-97CD8E6D5D3D}.Debug|Any CPU.ActiveCfg = Debug|Any CPU
		{10B5D9F5-914C-4C8F-8F90-97CD8E6D5D3D}.Debug|Any CPU.Build.0 = Debug|Any CPU
		{10B5D9F5-914C-4C8F-8F90-97CD8E6D5D3D}.Debug|Any CPU.Deploy.0 = Debug|Any CPU
		{10B5D9F5-914C-4C8F-8F90-97CD8E6D5D3D}.Debug|ARM.ActiveCfg = Debug|Any CPU
		{10B5D9F5-914C-4C8F-8F90-97CD8E6D5D3D}.Debug|ARM.Build.0 = Debug|Any CPU
		{10B5D9F5-914C-4C8F-8F90-97CD8E6D5D3D}.Debug|ARM.Deploy.0 = Debug|Any CPU
		{10B5D9F5-914C-4C8F-8F90-97CD8E6D5D3D}.Debug|ARM64.ActiveCfg = Debug|Any CPU
		{10B5D9F5-914C-4C8F-8F90-97CD8E6D5D3D}.Debug|ARM64.Build.0 = Debug|Any CPU
		{10B5D9F5-914C-4C8F-8F90-97CD8E6D5D3D}.Debug|ARM64.Deploy.0 = Debug|Any CPU
		{10B5D9F5-914C-4C8F-8F90-97CD8E6D5D3D}.Debug|iPhone.ActiveCfg = Debug|Any CPU
		{10B5D9F5-914C-4C8F-8F90-97CD8E6D5D3D}.Debug|iPhone.Build.0 = Debug|Any CPU
		{10B5D9F5-914C-4C8F-8F90-97CD8E6D5D3D}.Debug|iPhone.Deploy.0 = Debug|Any CPU
		{10B5D9F5-914C-4C8F-8F90-97CD8E6D5D3D}.Debug|iPhoneSimulator.ActiveCfg = Debug|Any CPU
		{10B5D9F5-914C-4C8F-8F90-97CD8E6D5D3D}.Debug|iPhoneSimulator.Build.0 = Debug|Any CPU
		{10B5D9F5-914C-4C8F-8F90-97CD8E6D5D3D}.Debug|iPhoneSimulator.Deploy.0 = Debug|Any CPU
		{10B5D9F5-914C-4C8F-8F90-97CD8E6D5D3D}.Debug|x64.ActiveCfg = Debug|Any CPU
		{10B5D9F5-914C-4C8F-8F90-97CD8E6D5D3D}.Debug|x64.Build.0 = Debug|Any CPU
		{10B5D9F5-914C-4C8F-8F90-97CD8E6D5D3D}.Debug|x64.Deploy.0 = Debug|Any CPU
		{10B5D9F5-914C-4C8F-8F90-97CD8E6D5D3D}.Debug|x86.ActiveCfg = Debug|Any CPU
		{10B5D9F5-914C-4C8F-8F90-97CD8E6D5D3D}.Debug|x86.Build.0 = Debug|Any CPU
		{10B5D9F5-914C-4C8F-8F90-97CD8E6D5D3D}.Debug|x86.Deploy.0 = Debug|Any CPU
		{10B5D9F5-914C-4C8F-8F90-97CD8E6D5D3D}.Release|Any CPU.ActiveCfg = Release|Any CPU
		{10B5D9F5-914C-4C8F-8F90-97CD8E6D5D3D}.Release|Any CPU.Build.0 = Release|Any CPU
		{10B5D9F5-914C-4C8F-8F90-97CD8E6D5D3D}.Release|Any CPU.Deploy.0 = Release|Any CPU
		{10B5D9F5-914C-4C8F-8F90-97CD8E6D5D3D}.Release|ARM.ActiveCfg = Release|Any CPU
		{10B5D9F5-914C-4C8F-8F90-97CD8E6D5D3D}.Release|ARM.Build.0 = Release|Any CPU
		{10B5D9F5-914C-4C8F-8F90-97CD8E6D5D3D}.Release|ARM.Deploy.0 = Release|Any CPU
		{10B5D9F5-914C-4C8F-8F90-97CD8E6D5D3D}.Release|ARM64.ActiveCfg = Release|Any CPU
		{10B5D9F5-914C-4C8F-8F90-97CD8E6D5D3D}.Release|ARM64.Build.0 = Release|Any CPU
		{10B5D9F5-914C-4C8F-8F90-97CD8E6D5D3D}.Release|ARM64.Deploy.0 = Release|Any CPU
		{10B5D9F5-914C-4C8F-8F90-97CD8E6D5D3D}.Release|iPhone.ActiveCfg = Release|Any CPU
		{10B5D9F5-914C-4C8F-8F90-97CD8E6D5D3D}.Release|iPhone.Build.0 = Release|Any CPU
		{10B5D9F5-914C-4C8F-8F90-97CD8E6D5D3D}.Release|iPhone.Deploy.0 = Release|Any CPU
		{10B5D9F5-914C-4C8F-8F90-97CD8E6D5D3D}.Release|iPhoneSimulator.ActiveCfg = Release|Any CPU
		{10B5D9F5-914C-4C8F-8F90-97CD8E6D5D3D}.Release|iPhoneSimulator.Build.0 = Release|Any CPU
		{10B5D9F5-914C-4C8F-8F90-97CD8E6D5D3D}.Release|iPhoneSimulator.Deploy.0 = Release|Any CPU
		{10B5D9F5-914C-4C8F-8F90-97CD8E6D5D3D}.Release|x64.ActiveCfg = Release|Any CPU
		{10B5D9F5-914C-4C8F-8F90-97CD8E6D5D3D}.Release|x64.Build.0 = Release|Any CPU
		{10B5D9F5-914C-4C8F-8F90-97CD8E6D5D3D}.Release|x64.Deploy.0 = Release|Any CPU
		{10B5D9F5-914C-4C8F-8F90-97CD8E6D5D3D}.Release|x86.ActiveCfg = Release|Any CPU
		{10B5D9F5-914C-4C8F-8F90-97CD8E6D5D3D}.Release|x86.Build.0 = Release|Any CPU
		{10B5D9F5-914C-4C8F-8F90-97CD8E6D5D3D}.Release|x86.Deploy.0 = Release|Any CPU
		{C9383093-3531-4DE5-94F8-5A8F1A474466}.Ad-Hoc|Any CPU.ActiveCfg = Ad-Hoc|iPhone
		{C9383093-3531-4DE5-94F8-5A8F1A474466}.Ad-Hoc|ARM.ActiveCfg = Ad-Hoc|iPhone
		{C9383093-3531-4DE5-94F8-5A8F1A474466}.Ad-Hoc|ARM64.ActiveCfg = Ad-Hoc|iPhone
		{C9383093-3531-4DE5-94F8-5A8F1A474466}.Ad-Hoc|iPhone.ActiveCfg = Ad-Hoc|iPhone
		{C9383093-3531-4DE5-94F8-5A8F1A474466}.Ad-Hoc|iPhone.Build.0 = Ad-Hoc|iPhone
		{C9383093-3531-4DE5-94F8-5A8F1A474466}.Ad-Hoc|iPhoneSimulator.ActiveCfg = Ad-Hoc|iPhoneSimulator
		{C9383093-3531-4DE5-94F8-5A8F1A474466}.Ad-Hoc|iPhoneSimulator.Build.0 = Ad-Hoc|iPhoneSimulator
		{C9383093-3531-4DE5-94F8-5A8F1A474466}.Ad-Hoc|x64.ActiveCfg = Ad-Hoc|iPhone
		{C9383093-3531-4DE5-94F8-5A8F1A474466}.Ad-Hoc|x86.ActiveCfg = Ad-Hoc|iPhone
		{C9383093-3531-4DE5-94F8-5A8F1A474466}.AppStore|Any CPU.ActiveCfg = AppStore|iPhone
		{C9383093-3531-4DE5-94F8-5A8F1A474466}.AppStore|ARM.ActiveCfg = AppStore|iPhone
		{C9383093-3531-4DE5-94F8-5A8F1A474466}.AppStore|ARM64.ActiveCfg = AppStore|iPhone
		{C9383093-3531-4DE5-94F8-5A8F1A474466}.AppStore|iPhone.ActiveCfg = AppStore|iPhone
		{C9383093-3531-4DE5-94F8-5A8F1A474466}.AppStore|iPhone.Build.0 = AppStore|iPhone
		{C9383093-3531-4DE5-94F8-5A8F1A474466}.AppStore|iPhoneSimulator.ActiveCfg = AppStore|iPhoneSimulator
		{C9383093-3531-4DE5-94F8-5A8F1A474466}.AppStore|iPhoneSimulator.Build.0 = AppStore|iPhoneSimulator
		{C9383093-3531-4DE5-94F8-5A8F1A474466}.AppStore|x64.ActiveCfg = AppStore|iPhone
		{C9383093-3531-4DE5-94F8-5A8F1A474466}.AppStore|x86.ActiveCfg = AppStore|iPhone
		{C9383093-3531-4DE5-94F8-5A8F1A474466}.Debug|Any CPU.ActiveCfg = Debug|iPhone
		{C9383093-3531-4DE5-94F8-5A8F1A474466}.Debug|ARM.ActiveCfg = Debug|iPhone
		{C9383093-3531-4DE5-94F8-5A8F1A474466}.Debug|ARM64.ActiveCfg = Debug|iPhone
		{C9383093-3531-4DE5-94F8-5A8F1A474466}.Debug|iPhone.ActiveCfg = Debug|iPhone
		{C9383093-3531-4DE5-94F8-5A8F1A474466}.Debug|iPhone.Build.0 = Debug|iPhone
		{C9383093-3531-4DE5-94F8-5A8F1A474466}.Debug|iPhoneSimulator.ActiveCfg = Debug|iPhoneSimulator
		{C9383093-3531-4DE5-94F8-5A8F1A474466}.Debug|iPhoneSimulator.Build.0 = Debug|iPhoneSimulator
		{C9383093-3531-4DE5-94F8-5A8F1A474466}.Debug|x64.ActiveCfg = Debug|iPhone
		{C9383093-3531-4DE5-94F8-5A8F1A474466}.Debug|x86.ActiveCfg = Debug|iPhone
		{C9383093-3531-4DE5-94F8-5A8F1A474466}.Release|Any CPU.ActiveCfg = Release|iPhone
		{C9383093-3531-4DE5-94F8-5A8F1A474466}.Release|ARM.ActiveCfg = Release|iPhone
		{C9383093-3531-4DE5-94F8-5A8F1A474466}.Release|ARM64.ActiveCfg = Release|iPhone
		{C9383093-3531-4DE5-94F8-5A8F1A474466}.Release|iPhone.ActiveCfg = Release|iPhone
		{C9383093-3531-4DE5-94F8-5A8F1A474466}.Release|iPhone.Build.0 = Release|iPhone
		{C9383093-3531-4DE5-94F8-5A8F1A474466}.Release|iPhoneSimulator.ActiveCfg = Release|iPhoneSimulator
		{C9383093-3531-4DE5-94F8-5A8F1A474466}.Release|iPhoneSimulator.Build.0 = Release|iPhoneSimulator
		{C9383093-3531-4DE5-94F8-5A8F1A474466}.Release|x64.ActiveCfg = Release|iPhone
		{C9383093-3531-4DE5-94F8-5A8F1A474466}.Release|x86.ActiveCfg = Release|iPhone
		{F542F6AA-2FB5-4FB8-9637-98E5F7FEF52F}.Ad-Hoc|Any CPU.ActiveCfg = Release|Any CPU
		{F542F6AA-2FB5-4FB8-9637-98E5F7FEF52F}.Ad-Hoc|Any CPU.Build.0 = Release|Any CPU
		{F542F6AA-2FB5-4FB8-9637-98E5F7FEF52F}.Ad-Hoc|Any CPU.Deploy.0 = Release|Any CPU
		{F542F6AA-2FB5-4FB8-9637-98E5F7FEF52F}.Ad-Hoc|ARM.ActiveCfg = Release|ARM
		{F542F6AA-2FB5-4FB8-9637-98E5F7FEF52F}.Ad-Hoc|ARM.Build.0 = Release|ARM
		{F542F6AA-2FB5-4FB8-9637-98E5F7FEF52F}.Ad-Hoc|ARM.Deploy.0 = Release|ARM
		{F542F6AA-2FB5-4FB8-9637-98E5F7FEF52F}.Ad-Hoc|ARM64.ActiveCfg = Release|Any CPU
		{F542F6AA-2FB5-4FB8-9637-98E5F7FEF52F}.Ad-Hoc|ARM64.Build.0 = Release|Any CPU
		{F542F6AA-2FB5-4FB8-9637-98E5F7FEF52F}.Ad-Hoc|ARM64.Deploy.0 = Release|Any CPU
		{F542F6AA-2FB5-4FB8-9637-98E5F7FEF52F}.Ad-Hoc|iPhone.ActiveCfg = Release|Any CPU
		{F542F6AA-2FB5-4FB8-9637-98E5F7FEF52F}.Ad-Hoc|iPhone.Build.0 = Release|Any CPU
		{F542F6AA-2FB5-4FB8-9637-98E5F7FEF52F}.Ad-Hoc|iPhone.Deploy.0 = Release|Any CPU
		{F542F6AA-2FB5-4FB8-9637-98E5F7FEF52F}.Ad-Hoc|iPhoneSimulator.ActiveCfg = Release|Any CPU
		{F542F6AA-2FB5-4FB8-9637-98E5F7FEF52F}.Ad-Hoc|iPhoneSimulator.Build.0 = Release|Any CPU
		{F542F6AA-2FB5-4FB8-9637-98E5F7FEF52F}.Ad-Hoc|iPhoneSimulator.Deploy.0 = Release|Any CPU
		{F542F6AA-2FB5-4FB8-9637-98E5F7FEF52F}.Ad-Hoc|x64.ActiveCfg = Release|Any CPU
		{F542F6AA-2FB5-4FB8-9637-98E5F7FEF52F}.Ad-Hoc|x64.Build.0 = Release|Any CPU
		{F542F6AA-2FB5-4FB8-9637-98E5F7FEF52F}.Ad-Hoc|x64.Deploy.0 = Release|Any CPU
		{F542F6AA-2FB5-4FB8-9637-98E5F7FEF52F}.Ad-Hoc|x86.ActiveCfg = Release|x86
		{F542F6AA-2FB5-4FB8-9637-98E5F7FEF52F}.Ad-Hoc|x86.Build.0 = Release|x86
		{F542F6AA-2FB5-4FB8-9637-98E5F7FEF52F}.Ad-Hoc|x86.Deploy.0 = Release|x86
		{F542F6AA-2FB5-4FB8-9637-98E5F7FEF52F}.AppStore|Any CPU.ActiveCfg = Release|Any CPU
		{F542F6AA-2FB5-4FB8-9637-98E5F7FEF52F}.AppStore|Any CPU.Build.0 = Release|Any CPU
		{F542F6AA-2FB5-4FB8-9637-98E5F7FEF52F}.AppStore|Any CPU.Deploy.0 = Release|Any CPU
		{F542F6AA-2FB5-4FB8-9637-98E5F7FEF52F}.AppStore|ARM.ActiveCfg = Release|ARM
		{F542F6AA-2FB5-4FB8-9637-98E5F7FEF52F}.AppStore|ARM.Build.0 = Release|ARM
		{F542F6AA-2FB5-4FB8-9637-98E5F7FEF52F}.AppStore|ARM.Deploy.0 = Release|ARM
		{F542F6AA-2FB5-4FB8-9637-98E5F7FEF52F}.AppStore|ARM64.ActiveCfg = Release|Any CPU
		{F542F6AA-2FB5-4FB8-9637-98E5F7FEF52F}.AppStore|ARM64.Build.0 = Release|Any CPU
		{F542F6AA-2FB5-4FB8-9637-98E5F7FEF52F}.AppStore|ARM64.Deploy.0 = Release|Any CPU
		{F542F6AA-2FB5-4FB8-9637-98E5F7FEF52F}.AppStore|iPhone.ActiveCfg = Release|Any CPU
		{F542F6AA-2FB5-4FB8-9637-98E5F7FEF52F}.AppStore|iPhone.Build.0 = Release|Any CPU
		{F542F6AA-2FB5-4FB8-9637-98E5F7FEF52F}.AppStore|iPhone.Deploy.0 = Release|Any CPU
		{F542F6AA-2FB5-4FB8-9637-98E5F7FEF52F}.AppStore|iPhoneSimulator.ActiveCfg = Release|Any CPU
		{F542F6AA-2FB5-4FB8-9637-98E5F7FEF52F}.AppStore|iPhoneSimulator.Build.0 = Release|Any CPU
		{F542F6AA-2FB5-4FB8-9637-98E5F7FEF52F}.AppStore|iPhoneSimulator.Deploy.0 = Release|Any CPU
		{F542F6AA-2FB5-4FB8-9637-98E5F7FEF52F}.AppStore|x64.ActiveCfg = Release|Any CPU
		{F542F6AA-2FB5-4FB8-9637-98E5F7FEF52F}.AppStore|x64.Build.0 = Release|Any CPU
		{F542F6AA-2FB5-4FB8-9637-98E5F7FEF52F}.AppStore|x64.Deploy.0 = Release|Any CPU
		{F542F6AA-2FB5-4FB8-9637-98E5F7FEF52F}.AppStore|x86.ActiveCfg = Release|x86
		{F542F6AA-2FB5-4FB8-9637-98E5F7FEF52F}.AppStore|x86.Build.0 = Release|x86
		{F542F6AA-2FB5-4FB8-9637-98E5F7FEF52F}.AppStore|x86.Deploy.0 = Release|x86
		{F542F6AA-2FB5-4FB8-9637-98E5F7FEF52F}.Debug|Any CPU.ActiveCfg = Debug|Any CPU
		{F542F6AA-2FB5-4FB8-9637-98E5F7FEF52F}.Debug|Any CPU.Build.0 = Debug|Any CPU
		{F542F6AA-2FB5-4FB8-9637-98E5F7FEF52F}.Debug|Any CPU.Deploy.0 = Debug|Any CPU
		{F542F6AA-2FB5-4FB8-9637-98E5F7FEF52F}.Debug|ARM.ActiveCfg = Debug|ARM
		{F542F6AA-2FB5-4FB8-9637-98E5F7FEF52F}.Debug|ARM.Build.0 = Debug|ARM
		{F542F6AA-2FB5-4FB8-9637-98E5F7FEF52F}.Debug|ARM.Deploy.0 = Debug|ARM
		{F542F6AA-2FB5-4FB8-9637-98E5F7FEF52F}.Debug|ARM64.ActiveCfg = Debug|Any CPU
		{F542F6AA-2FB5-4FB8-9637-98E5F7FEF52F}.Debug|ARM64.Build.0 = Debug|Any CPU
		{F542F6AA-2FB5-4FB8-9637-98E5F7FEF52F}.Debug|ARM64.Deploy.0 = Debug|Any CPU
		{F542F6AA-2FB5-4FB8-9637-98E5F7FEF52F}.Debug|iPhone.ActiveCfg = Debug|Any CPU
		{F542F6AA-2FB5-4FB8-9637-98E5F7FEF52F}.Debug|iPhone.Build.0 = Debug|Any CPU
		{F542F6AA-2FB5-4FB8-9637-98E5F7FEF52F}.Debug|iPhone.Deploy.0 = Debug|Any CPU
		{F542F6AA-2FB5-4FB8-9637-98E5F7FEF52F}.Debug|iPhoneSimulator.ActiveCfg = Debug|Any CPU
		{F542F6AA-2FB5-4FB8-9637-98E5F7FEF52F}.Debug|iPhoneSimulator.Build.0 = Debug|Any CPU
		{F542F6AA-2FB5-4FB8-9637-98E5F7FEF52F}.Debug|iPhoneSimulator.Deploy.0 = Debug|Any CPU
		{F542F6AA-2FB5-4FB8-9637-98E5F7FEF52F}.Debug|x64.ActiveCfg = Debug|Any CPU
		{F542F6AA-2FB5-4FB8-9637-98E5F7FEF52F}.Debug|x64.Build.0 = Debug|Any CPU
		{F542F6AA-2FB5-4FB8-9637-98E5F7FEF52F}.Debug|x64.Deploy.0 = Debug|Any CPU
		{F542F6AA-2FB5-4FB8-9637-98E5F7FEF52F}.Debug|x86.ActiveCfg = Debug|x86
		{F542F6AA-2FB5-4FB8-9637-98E5F7FEF52F}.Debug|x86.Build.0 = Debug|x86
		{F542F6AA-2FB5-4FB8-9637-98E5F7FEF52F}.Debug|x86.Deploy.0 = Debug|x86
		{F542F6AA-2FB5-4FB8-9637-98E5F7FEF52F}.Release|Any CPU.ActiveCfg = Release|Any CPU
		{F542F6AA-2FB5-4FB8-9637-98E5F7FEF52F}.Release|Any CPU.Build.0 = Release|Any CPU
		{F542F6AA-2FB5-4FB8-9637-98E5F7FEF52F}.Release|Any CPU.Deploy.0 = Release|Any CPU
		{F542F6AA-2FB5-4FB8-9637-98E5F7FEF52F}.Release|ARM.ActiveCfg = Release|ARM
		{F542F6AA-2FB5-4FB8-9637-98E5F7FEF52F}.Release|ARM.Build.0 = Release|ARM
		{F542F6AA-2FB5-4FB8-9637-98E5F7FEF52F}.Release|ARM.Deploy.0 = Release|ARM
		{F542F6AA-2FB5-4FB8-9637-98E5F7FEF52F}.Release|ARM64.ActiveCfg = Release|Any CPU
		{F542F6AA-2FB5-4FB8-9637-98E5F7FEF52F}.Release|ARM64.Build.0 = Release|Any CPU
		{F542F6AA-2FB5-4FB8-9637-98E5F7FEF52F}.Release|ARM64.Deploy.0 = Release|Any CPU
		{F542F6AA-2FB5-4FB8-9637-98E5F7FEF52F}.Release|iPhone.ActiveCfg = Release|Any CPU
		{F542F6AA-2FB5-4FB8-9637-98E5F7FEF52F}.Release|iPhone.Build.0 = Release|Any CPU
		{F542F6AA-2FB5-4FB8-9637-98E5F7FEF52F}.Release|iPhone.Deploy.0 = Release|Any CPU
		{F542F6AA-2FB5-4FB8-9637-98E5F7FEF52F}.Release|iPhoneSimulator.ActiveCfg = Release|Any CPU
		{F542F6AA-2FB5-4FB8-9637-98E5F7FEF52F}.Release|iPhoneSimulator.Build.0 = Release|Any CPU
		{F542F6AA-2FB5-4FB8-9637-98E5F7FEF52F}.Release|iPhoneSimulator.Deploy.0 = Release|Any CPU
		{F542F6AA-2FB5-4FB8-9637-98E5F7FEF52F}.Release|x64.ActiveCfg = Release|Any CPU
		{F542F6AA-2FB5-4FB8-9637-98E5F7FEF52F}.Release|x64.Build.0 = Release|Any CPU
		{F542F6AA-2FB5-4FB8-9637-98E5F7FEF52F}.Release|x64.Deploy.0 = Release|Any CPU
		{F542F6AA-2FB5-4FB8-9637-98E5F7FEF52F}.Release|x86.ActiveCfg = Release|x86
		{F542F6AA-2FB5-4FB8-9637-98E5F7FEF52F}.Release|x86.Build.0 = Release|x86
		{F542F6AA-2FB5-4FB8-9637-98E5F7FEF52F}.Release|x86.Deploy.0 = Release|x86
		{23B98B4A-6392-4E14-94B6-740C185CCDFA}.Ad-Hoc|Any CPU.ActiveCfg = Release|x86
		{23B98B4A-6392-4E14-94B6-740C185CCDFA}.Ad-Hoc|Any CPU.Build.0 = Release|x86
		{23B98B4A-6392-4E14-94B6-740C185CCDFA}.Ad-Hoc|Any CPU.Deploy.0 = Release|x86
		{23B98B4A-6392-4E14-94B6-740C185CCDFA}.Ad-Hoc|ARM.ActiveCfg = Release|ARM
		{23B98B4A-6392-4E14-94B6-740C185CCDFA}.Ad-Hoc|ARM.Build.0 = Release|ARM
		{23B98B4A-6392-4E14-94B6-740C185CCDFA}.Ad-Hoc|ARM.Deploy.0 = Release|ARM
		{23B98B4A-6392-4E14-94B6-740C185CCDFA}.Ad-Hoc|ARM64.ActiveCfg = Release|x86
		{23B98B4A-6392-4E14-94B6-740C185CCDFA}.Ad-Hoc|ARM64.Build.0 = Release|x86
		{23B98B4A-6392-4E14-94B6-740C185CCDFA}.Ad-Hoc|ARM64.Deploy.0 = Release|x86
		{23B98B4A-6392-4E14-94B6-740C185CCDFA}.Ad-Hoc|iPhone.ActiveCfg = Release|x86
		{23B98B4A-6392-4E14-94B6-740C185CCDFA}.Ad-Hoc|iPhone.Build.0 = Release|x86
		{23B98B4A-6392-4E14-94B6-740C185CCDFA}.Ad-Hoc|iPhone.Deploy.0 = Release|x86
		{23B98B4A-6392-4E14-94B6-740C185CCDFA}.Ad-Hoc|iPhoneSimulator.ActiveCfg = Release|x86
		{23B98B4A-6392-4E14-94B6-740C185CCDFA}.Ad-Hoc|iPhoneSimulator.Build.0 = Release|x86
		{23B98B4A-6392-4E14-94B6-740C185CCDFA}.Ad-Hoc|iPhoneSimulator.Deploy.0 = Release|x86
		{23B98B4A-6392-4E14-94B6-740C185CCDFA}.Ad-Hoc|x64.ActiveCfg = Release|x64
		{23B98B4A-6392-4E14-94B6-740C185CCDFA}.Ad-Hoc|x64.Build.0 = Release|x64
		{23B98B4A-6392-4E14-94B6-740C185CCDFA}.Ad-Hoc|x64.Deploy.0 = Release|x64
		{23B98B4A-6392-4E14-94B6-740C185CCDFA}.Ad-Hoc|x86.ActiveCfg = Release|x86
		{23B98B4A-6392-4E14-94B6-740C185CCDFA}.Ad-Hoc|x86.Build.0 = Release|x86
		{23B98B4A-6392-4E14-94B6-740C185CCDFA}.Ad-Hoc|x86.Deploy.0 = Release|x86
		{23B98B4A-6392-4E14-94B6-740C185CCDFA}.AppStore|Any CPU.ActiveCfg = Release|x86
		{23B98B4A-6392-4E14-94B6-740C185CCDFA}.AppStore|Any CPU.Build.0 = Release|x86
		{23B98B4A-6392-4E14-94B6-740C185CCDFA}.AppStore|Any CPU.Deploy.0 = Release|x86
		{23B98B4A-6392-4E14-94B6-740C185CCDFA}.AppStore|ARM.ActiveCfg = Release|ARM
		{23B98B4A-6392-4E14-94B6-740C185CCDFA}.AppStore|ARM.Build.0 = Release|ARM
		{23B98B4A-6392-4E14-94B6-740C185CCDFA}.AppStore|ARM.Deploy.0 = Release|ARM
		{23B98B4A-6392-4E14-94B6-740C185CCDFA}.AppStore|ARM64.ActiveCfg = Release|x86
		{23B98B4A-6392-4E14-94B6-740C185CCDFA}.AppStore|ARM64.Build.0 = Release|x86
		{23B98B4A-6392-4E14-94B6-740C185CCDFA}.AppStore|ARM64.Deploy.0 = Release|x86
		{23B98B4A-6392-4E14-94B6-740C185CCDFA}.AppStore|iPhone.ActiveCfg = Release|x86
		{23B98B4A-6392-4E14-94B6-740C185CCDFA}.AppStore|iPhone.Build.0 = Release|x86
		{23B98B4A-6392-4E14-94B6-740C185CCDFA}.AppStore|iPhone.Deploy.0 = Release|x86
		{23B98B4A-6392-4E14-94B6-740C185CCDFA}.AppStore|iPhoneSimulator.ActiveCfg = Release|x86
		{23B98B4A-6392-4E14-94B6-740C185CCDFA}.AppStore|iPhoneSimulator.Build.0 = Release|x86
		{23B98B4A-6392-4E14-94B6-740C185CCDFA}.AppStore|iPhoneSimulator.Deploy.0 = Release|x86
		{23B98B4A-6392-4E14-94B6-740C185CCDFA}.AppStore|x64.ActiveCfg = Release|x64
		{23B98B4A-6392-4E14-94B6-740C185CCDFA}.AppStore|x64.Build.0 = Release|x64
		{23B98B4A-6392-4E14-94B6-740C185CCDFA}.AppStore|x64.Deploy.0 = Release|x64
		{23B98B4A-6392-4E14-94B6-740C185CCDFA}.AppStore|x86.ActiveCfg = Release|x86
		{23B98B4A-6392-4E14-94B6-740C185CCDFA}.AppStore|x86.Build.0 = Release|x86
		{23B98B4A-6392-4E14-94B6-740C185CCDFA}.AppStore|x86.Deploy.0 = Release|x86
		{23B98B4A-6392-4E14-94B6-740C185CCDFA}.Debug|Any CPU.ActiveCfg = Debug|x86
		{23B98B4A-6392-4E14-94B6-740C185CCDFA}.Debug|ARM.ActiveCfg = Debug|ARM
		{23B98B4A-6392-4E14-94B6-740C185CCDFA}.Debug|ARM.Build.0 = Debug|ARM
		{23B98B4A-6392-4E14-94B6-740C185CCDFA}.Debug|ARM.Deploy.0 = Debug|ARM
		{23B98B4A-6392-4E14-94B6-740C185CCDFA}.Debug|ARM64.ActiveCfg = Debug|x86
		{23B98B4A-6392-4E14-94B6-740C185CCDFA}.Debug|iPhone.ActiveCfg = Debug|x86
		{23B98B4A-6392-4E14-94B6-740C185CCDFA}.Debug|iPhone.Build.0 = Debug|x86
		{23B98B4A-6392-4E14-94B6-740C185CCDFA}.Debug|iPhoneSimulator.ActiveCfg = Debug|x86
		{23B98B4A-6392-4E14-94B6-740C185CCDFA}.Debug|x64.ActiveCfg = Debug|x64
		{23B98B4A-6392-4E14-94B6-740C185CCDFA}.Debug|x64.Build.0 = Debug|x64
		{23B98B4A-6392-4E14-94B6-740C185CCDFA}.Debug|x64.Deploy.0 = Debug|x64
		{23B98B4A-6392-4E14-94B6-740C185CCDFA}.Debug|x86.ActiveCfg = Debug|x86
		{23B98B4A-6392-4E14-94B6-740C185CCDFA}.Debug|x86.Build.0 = Debug|x86
		{23B98B4A-6392-4E14-94B6-740C185CCDFA}.Debug|x86.Deploy.0 = Debug|x86
		{23B98B4A-6392-4E14-94B6-740C185CCDFA}.Release|Any CPU.ActiveCfg = Release|x86
		{23B98B4A-6392-4E14-94B6-740C185CCDFA}.Release|ARM.ActiveCfg = Release|ARM
		{23B98B4A-6392-4E14-94B6-740C185CCDFA}.Release|ARM.Build.0 = Release|ARM
		{23B98B4A-6392-4E14-94B6-740C185CCDFA}.Release|ARM.Deploy.0 = Release|ARM
		{23B98B4A-6392-4E14-94B6-740C185CCDFA}.Release|ARM64.ActiveCfg = Release|x86
		{23B98B4A-6392-4E14-94B6-740C185CCDFA}.Release|iPhone.ActiveCfg = Release|x86
		{23B98B4A-6392-4E14-94B6-740C185CCDFA}.Release|iPhoneSimulator.ActiveCfg = Release|x86
		{23B98B4A-6392-4E14-94B6-740C185CCDFA}.Release|x64.ActiveCfg = Release|x64
		{23B98B4A-6392-4E14-94B6-740C185CCDFA}.Release|x64.Build.0 = Release|x64
		{23B98B4A-6392-4E14-94B6-740C185CCDFA}.Release|x64.Deploy.0 = Release|x64
		{23B98B4A-6392-4E14-94B6-740C185CCDFA}.Release|x86.ActiveCfg = Release|x86
		{23B98B4A-6392-4E14-94B6-740C185CCDFA}.Release|x86.Build.0 = Release|x86
		{23B98B4A-6392-4E14-94B6-740C185CCDFA}.Release|x86.Deploy.0 = Release|x86
		{217BE188-AA70-4608-A452-D292C5776091}.Ad-Hoc|Any CPU.ActiveCfg = Release|Any CPU
		{217BE188-AA70-4608-A452-D292C5776091}.Ad-Hoc|Any CPU.Build.0 = Release|Any CPU
		{217BE188-AA70-4608-A452-D292C5776091}.Ad-Hoc|Any CPU.Deploy.0 = Release|Any CPU
		{217BE188-AA70-4608-A452-D292C5776091}.Ad-Hoc|ARM.ActiveCfg = Release|ARM
		{217BE188-AA70-4608-A452-D292C5776091}.Ad-Hoc|ARM.Build.0 = Release|ARM
		{217BE188-AA70-4608-A452-D292C5776091}.Ad-Hoc|ARM.Deploy.0 = Release|ARM
		{217BE188-AA70-4608-A452-D292C5776091}.Ad-Hoc|ARM64.ActiveCfg = Release|Any CPU
		{217BE188-AA70-4608-A452-D292C5776091}.Ad-Hoc|ARM64.Build.0 = Release|Any CPU
		{217BE188-AA70-4608-A452-D292C5776091}.Ad-Hoc|ARM64.Deploy.0 = Release|Any CPU
		{217BE188-AA70-4608-A452-D292C5776091}.Ad-Hoc|iPhone.ActiveCfg = Release|Any CPU
		{217BE188-AA70-4608-A452-D292C5776091}.Ad-Hoc|iPhone.Build.0 = Release|Any CPU
		{217BE188-AA70-4608-A452-D292C5776091}.Ad-Hoc|iPhone.Deploy.0 = Release|Any CPU
		{217BE188-AA70-4608-A452-D292C5776091}.Ad-Hoc|iPhoneSimulator.ActiveCfg = Release|Any CPU
		{217BE188-AA70-4608-A452-D292C5776091}.Ad-Hoc|iPhoneSimulator.Build.0 = Release|Any CPU
		{217BE188-AA70-4608-A452-D292C5776091}.Ad-Hoc|iPhoneSimulator.Deploy.0 = Release|Any CPU
		{217BE188-AA70-4608-A452-D292C5776091}.Ad-Hoc|x64.ActiveCfg = Release|x64
		{217BE188-AA70-4608-A452-D292C5776091}.Ad-Hoc|x64.Build.0 = Release|x64
		{217BE188-AA70-4608-A452-D292C5776091}.Ad-Hoc|x64.Deploy.0 = Release|x64
		{217BE188-AA70-4608-A452-D292C5776091}.Ad-Hoc|x86.ActiveCfg = Release|x86
		{217BE188-AA70-4608-A452-D292C5776091}.Ad-Hoc|x86.Build.0 = Release|x86
		{217BE188-AA70-4608-A452-D292C5776091}.Ad-Hoc|x86.Deploy.0 = Release|x86
		{217BE188-AA70-4608-A452-D292C5776091}.AppStore|Any CPU.ActiveCfg = Release|Any CPU
		{217BE188-AA70-4608-A452-D292C5776091}.AppStore|Any CPU.Build.0 = Release|Any CPU
		{217BE188-AA70-4608-A452-D292C5776091}.AppStore|Any CPU.Deploy.0 = Release|Any CPU
		{217BE188-AA70-4608-A452-D292C5776091}.AppStore|ARM.ActiveCfg = Release|ARM
		{217BE188-AA70-4608-A452-D292C5776091}.AppStore|ARM.Build.0 = Release|ARM
		{217BE188-AA70-4608-A452-D292C5776091}.AppStore|ARM.Deploy.0 = Release|ARM
		{217BE188-AA70-4608-A452-D292C5776091}.AppStore|ARM64.ActiveCfg = Release|Any CPU
		{217BE188-AA70-4608-A452-D292C5776091}.AppStore|ARM64.Build.0 = Release|Any CPU
		{217BE188-AA70-4608-A452-D292C5776091}.AppStore|ARM64.Deploy.0 = Release|Any CPU
		{217BE188-AA70-4608-A452-D292C5776091}.AppStore|iPhone.ActiveCfg = Release|Any CPU
		{217BE188-AA70-4608-A452-D292C5776091}.AppStore|iPhone.Build.0 = Release|Any CPU
		{217BE188-AA70-4608-A452-D292C5776091}.AppStore|iPhone.Deploy.0 = Release|Any CPU
		{217BE188-AA70-4608-A452-D292C5776091}.AppStore|iPhoneSimulator.ActiveCfg = Release|Any CPU
		{217BE188-AA70-4608-A452-D292C5776091}.AppStore|iPhoneSimulator.Build.0 = Release|Any CPU
		{217BE188-AA70-4608-A452-D292C5776091}.AppStore|iPhoneSimulator.Deploy.0 = Release|Any CPU
		{217BE188-AA70-4608-A452-D292C5776091}.AppStore|x64.ActiveCfg = Release|x64
		{217BE188-AA70-4608-A452-D292C5776091}.AppStore|x64.Build.0 = Release|x64
		{217BE188-AA70-4608-A452-D292C5776091}.AppStore|x64.Deploy.0 = Release|x64
		{217BE188-AA70-4608-A452-D292C5776091}.AppStore|x86.ActiveCfg = Release|x86
		{217BE188-AA70-4608-A452-D292C5776091}.AppStore|x86.Build.0 = Release|x86
		{217BE188-AA70-4608-A452-D292C5776091}.AppStore|x86.Deploy.0 = Release|x86
		{217BE188-AA70-4608-A452-D292C5776091}.Debug|Any CPU.ActiveCfg = Debug|Any CPU
		{217BE188-AA70-4608-A452-D292C5776091}.Debug|Any CPU.Build.0 = Debug|Any CPU
		{217BE188-AA70-4608-A452-D292C5776091}.Debug|Any CPU.Deploy.0 = Debug|Any CPU
		{217BE188-AA70-4608-A452-D292C5776091}.Debug|ARM.ActiveCfg = Debug|ARM
		{217BE188-AA70-4608-A452-D292C5776091}.Debug|ARM.Build.0 = Debug|ARM
		{217BE188-AA70-4608-A452-D292C5776091}.Debug|ARM.Deploy.0 = Debug|ARM
		{217BE188-AA70-4608-A452-D292C5776091}.Debug|ARM64.ActiveCfg = Debug|Any CPU
		{217BE188-AA70-4608-A452-D292C5776091}.Debug|ARM64.Build.0 = Debug|Any CPU
		{217BE188-AA70-4608-A452-D292C5776091}.Debug|ARM64.Deploy.0 = Debug|Any CPU
		{217BE188-AA70-4608-A452-D292C5776091}.Debug|iPhone.ActiveCfg = Debug|Any CPU
		{217BE188-AA70-4608-A452-D292C5776091}.Debug|iPhone.Build.0 = Debug|Any CPU
		{217BE188-AA70-4608-A452-D292C5776091}.Debug|iPhone.Deploy.0 = Debug|Any CPU
		{217BE188-AA70-4608-A452-D292C5776091}.Debug|iPhoneSimulator.ActiveCfg = Debug|Any CPU
		{217BE188-AA70-4608-A452-D292C5776091}.Debug|iPhoneSimulator.Build.0 = Debug|Any CPU
		{217BE188-AA70-4608-A452-D292C5776091}.Debug|iPhoneSimulator.Deploy.0 = Debug|Any CPU
		{217BE188-AA70-4608-A452-D292C5776091}.Debug|x64.ActiveCfg = Debug|x64
		{217BE188-AA70-4608-A452-D292C5776091}.Debug|x64.Build.0 = Debug|x64
		{217BE188-AA70-4608-A452-D292C5776091}.Debug|x64.Deploy.0 = Debug|x64
		{217BE188-AA70-4608-A452-D292C5776091}.Debug|x86.ActiveCfg = Debug|x86
		{217BE188-AA70-4608-A452-D292C5776091}.Debug|x86.Build.0 = Debug|x86
		{217BE188-AA70-4608-A452-D292C5776091}.Debug|x86.Deploy.0 = Debug|x86
		{217BE188-AA70-4608-A452-D292C5776091}.Release|Any CPU.ActiveCfg = Release|Any CPU
		{217BE188-AA70-4608-A452-D292C5776091}.Release|Any CPU.Build.0 = Release|Any CPU
		{217BE188-AA70-4608-A452-D292C5776091}.Release|Any CPU.Deploy.0 = Release|Any CPU
		{217BE188-AA70-4608-A452-D292C5776091}.Release|ARM.ActiveCfg = Release|ARM
		{217BE188-AA70-4608-A452-D292C5776091}.Release|ARM.Build.0 = Release|ARM
		{217BE188-AA70-4608-A452-D292C5776091}.Release|ARM.Deploy.0 = Release|ARM
		{217BE188-AA70-4608-A452-D292C5776091}.Release|ARM64.ActiveCfg = Release|Any CPU
		{217BE188-AA70-4608-A452-D292C5776091}.Release|ARM64.Build.0 = Release|Any CPU
		{217BE188-AA70-4608-A452-D292C5776091}.Release|ARM64.Deploy.0 = Release|Any CPU
		{217BE188-AA70-4608-A452-D292C5776091}.Release|iPhone.ActiveCfg = Release|Any CPU
		{217BE188-AA70-4608-A452-D292C5776091}.Release|iPhone.Build.0 = Release|Any CPU
		{217BE188-AA70-4608-A452-D292C5776091}.Release|iPhone.Deploy.0 = Release|Any CPU
		{217BE188-AA70-4608-A452-D292C5776091}.Release|iPhoneSimulator.ActiveCfg = Release|Any CPU
		{217BE188-AA70-4608-A452-D292C5776091}.Release|iPhoneSimulator.Build.0 = Release|Any CPU
		{217BE188-AA70-4608-A452-D292C5776091}.Release|iPhoneSimulator.Deploy.0 = Release|Any CPU
		{217BE188-AA70-4608-A452-D292C5776091}.Release|x64.ActiveCfg = Release|x64
		{217BE188-AA70-4608-A452-D292C5776091}.Release|x64.Build.0 = Release|x64
		{217BE188-AA70-4608-A452-D292C5776091}.Release|x64.Deploy.0 = Release|x64
		{217BE188-AA70-4608-A452-D292C5776091}.Release|x86.ActiveCfg = Release|x86
		{217BE188-AA70-4608-A452-D292C5776091}.Release|x86.Build.0 = Release|x86
		{217BE188-AA70-4608-A452-D292C5776091}.Release|x86.Deploy.0 = Release|x86
		{3DE45A5E-3585-4634-9C56-37B2A55A4F20}.Ad-Hoc|Any CPU.ActiveCfg = Release|Any CPU
		{3DE45A5E-3585-4634-9C56-37B2A55A4F20}.Ad-Hoc|Any CPU.Build.0 = Release|Any CPU
		{3DE45A5E-3585-4634-9C56-37B2A55A4F20}.Ad-Hoc|ARM.ActiveCfg = Release|Any CPU
		{3DE45A5E-3585-4634-9C56-37B2A55A4F20}.Ad-Hoc|ARM.Build.0 = Release|Any CPU
		{3DE45A5E-3585-4634-9C56-37B2A55A4F20}.Ad-Hoc|ARM64.ActiveCfg = Release|Any CPU
		{3DE45A5E-3585-4634-9C56-37B2A55A4F20}.Ad-Hoc|ARM64.Build.0 = Release|Any CPU
		{3DE45A5E-3585-4634-9C56-37B2A55A4F20}.Ad-Hoc|iPhone.ActiveCfg = Release|Any CPU
		{3DE45A5E-3585-4634-9C56-37B2A55A4F20}.Ad-Hoc|iPhone.Build.0 = Release|Any CPU
		{3DE45A5E-3585-4634-9C56-37B2A55A4F20}.Ad-Hoc|iPhoneSimulator.ActiveCfg = Release|Any CPU
		{3DE45A5E-3585-4634-9C56-37B2A55A4F20}.Ad-Hoc|iPhoneSimulator.Build.0 = Release|Any CPU
		{3DE45A5E-3585-4634-9C56-37B2A55A4F20}.Ad-Hoc|x64.ActiveCfg = Release|Any CPU
		{3DE45A5E-3585-4634-9C56-37B2A55A4F20}.Ad-Hoc|x64.Build.0 = Release|Any CPU
		{3DE45A5E-3585-4634-9C56-37B2A55A4F20}.Ad-Hoc|x86.ActiveCfg = Release|Any CPU
		{3DE45A5E-3585-4634-9C56-37B2A55A4F20}.Ad-Hoc|x86.Build.0 = Release|Any CPU
		{3DE45A5E-3585-4634-9C56-37B2A55A4F20}.AppStore|Any CPU.ActiveCfg = Release|Any CPU
		{3DE45A5E-3585-4634-9C56-37B2A55A4F20}.AppStore|Any CPU.Build.0 = Release|Any CPU
		{3DE45A5E-3585-4634-9C56-37B2A55A4F20}.AppStore|ARM.ActiveCfg = Release|Any CPU
		{3DE45A5E-3585-4634-9C56-37B2A55A4F20}.AppStore|ARM.Build.0 = Release|Any CPU
		{3DE45A5E-3585-4634-9C56-37B2A55A4F20}.AppStore|ARM64.ActiveCfg = Release|Any CPU
		{3DE45A5E-3585-4634-9C56-37B2A55A4F20}.AppStore|ARM64.Build.0 = Release|Any CPU
		{3DE45A5E-3585-4634-9C56-37B2A55A4F20}.AppStore|iPhone.ActiveCfg = Release|Any CPU
		{3DE45A5E-3585-4634-9C56-37B2A55A4F20}.AppStore|iPhone.Build.0 = Release|Any CPU
		{3DE45A5E-3585-4634-9C56-37B2A55A4F20}.AppStore|iPhoneSimulator.ActiveCfg = Release|Any CPU
		{3DE45A5E-3585-4634-9C56-37B2A55A4F20}.AppStore|iPhoneSimulator.Build.0 = Release|Any CPU
		{3DE45A5E-3585-4634-9C56-37B2A55A4F20}.AppStore|x64.ActiveCfg = Release|Any CPU
		{3DE45A5E-3585-4634-9C56-37B2A55A4F20}.AppStore|x64.Build.0 = Release|Any CPU
		{3DE45A5E-3585-4634-9C56-37B2A55A4F20}.AppStore|x86.ActiveCfg = Release|Any CPU
		{3DE45A5E-3585-4634-9C56-37B2A55A4F20}.AppStore|x86.Build.0 = Release|Any CPU
		{3DE45A5E-3585-4634-9C56-37B2A55A4F20}.Debug|Any CPU.ActiveCfg = Debug|Any CPU
		{3DE45A5E-3585-4634-9C56-37B2A55A4F20}.Debug|Any CPU.Build.0 = Debug|Any CPU
		{3DE45A5E-3585-4634-9C56-37B2A55A4F20}.Debug|ARM.ActiveCfg = Debug|Any CPU
		{3DE45A5E-3585-4634-9C56-37B2A55A4F20}.Debug|ARM.Build.0 = Debug|Any CPU
		{3DE45A5E-3585-4634-9C56-37B2A55A4F20}.Debug|ARM64.ActiveCfg = Debug|Any CPU
		{3DE45A5E-3585-4634-9C56-37B2A55A4F20}.Debug|ARM64.Build.0 = Debug|Any CPU
		{3DE45A5E-3585-4634-9C56-37B2A55A4F20}.Debug|iPhone.ActiveCfg = Debug|Any CPU
		{3DE45A5E-3585-4634-9C56-37B2A55A4F20}.Debug|iPhone.Build.0 = Debug|Any CPU
		{3DE45A5E-3585-4634-9C56-37B2A55A4F20}.Debug|iPhoneSimulator.ActiveCfg = Debug|Any CPU
		{3DE45A5E-3585-4634-9C56-37B2A55A4F20}.Debug|iPhoneSimulator.Build.0 = Debug|Any CPU
		{3DE45A5E-3585-4634-9C56-37B2A55A4F20}.Debug|x64.ActiveCfg = Debug|Any CPU
		{3DE45A5E-3585-4634-9C56-37B2A55A4F20}.Debug|x64.Build.0 = Debug|Any CPU
		{3DE45A5E-3585-4634-9C56-37B2A55A4F20}.Debug|x86.ActiveCfg = Debug|Any CPU
		{3DE45A5E-3585-4634-9C56-37B2A55A4F20}.Debug|x86.Build.0 = Debug|Any CPU
		{3DE45A5E-3585-4634-9C56-37B2A55A4F20}.Release|Any CPU.ActiveCfg = Release|Any CPU
		{3DE45A5E-3585-4634-9C56-37B2A55A4F20}.Release|Any CPU.Build.0 = Release|Any CPU
		{3DE45A5E-3585-4634-9C56-37B2A55A4F20}.Release|ARM.ActiveCfg = Release|Any CPU
		{3DE45A5E-3585-4634-9C56-37B2A55A4F20}.Release|ARM.Build.0 = Release|Any CPU
		{3DE45A5E-3585-4634-9C56-37B2A55A4F20}.Release|ARM64.ActiveCfg = Release|Any CPU
		{3DE45A5E-3585-4634-9C56-37B2A55A4F20}.Release|ARM64.Build.0 = Release|Any CPU
		{3DE45A5E-3585-4634-9C56-37B2A55A4F20}.Release|iPhone.ActiveCfg = Release|Any CPU
		{3DE45A5E-3585-4634-9C56-37B2A55A4F20}.Release|iPhone.Build.0 = Release|Any CPU
		{3DE45A5E-3585-4634-9C56-37B2A55A4F20}.Release|iPhoneSimulator.ActiveCfg = Release|Any CPU
		{3DE45A5E-3585-4634-9C56-37B2A55A4F20}.Release|iPhoneSimulator.Build.0 = Release|Any CPU
		{3DE45A5E-3585-4634-9C56-37B2A55A4F20}.Release|x64.ActiveCfg = Release|Any CPU
		{3DE45A5E-3585-4634-9C56-37B2A55A4F20}.Release|x64.Build.0 = Release|Any CPU
		{3DE45A5E-3585-4634-9C56-37B2A55A4F20}.Release|x86.ActiveCfg = Release|Any CPU
		{3DE45A5E-3585-4634-9C56-37B2A55A4F20}.Release|x86.Build.0 = Release|Any CPU
		{13A91E72-76D7-4EC7-92F8-2912FB69126E}.Ad-Hoc|Any CPU.ActiveCfg = Release|x86
		{13A91E72-76D7-4EC7-92F8-2912FB69126E}.Ad-Hoc|Any CPU.Build.0 = Release|x86
		{13A91E72-76D7-4EC7-92F8-2912FB69126E}.Ad-Hoc|ARM.ActiveCfg = Release|ARM
		{13A91E72-76D7-4EC7-92F8-2912FB69126E}.Ad-Hoc|ARM.Build.0 = Release|ARM
		{13A91E72-76D7-4EC7-92F8-2912FB69126E}.Ad-Hoc|ARM64.ActiveCfg = Release|ARM64
		{13A91E72-76D7-4EC7-92F8-2912FB69126E}.Ad-Hoc|ARM64.Build.0 = Release|ARM64
		{13A91E72-76D7-4EC7-92F8-2912FB69126E}.Ad-Hoc|iPhone.ActiveCfg = Release|x86
		{13A91E72-76D7-4EC7-92F8-2912FB69126E}.Ad-Hoc|iPhone.Build.0 = Release|x86
		{13A91E72-76D7-4EC7-92F8-2912FB69126E}.Ad-Hoc|iPhoneSimulator.ActiveCfg = Release|x86
		{13A91E72-76D7-4EC7-92F8-2912FB69126E}.Ad-Hoc|iPhoneSimulator.Build.0 = Release|x86
		{13A91E72-76D7-4EC7-92F8-2912FB69126E}.Ad-Hoc|x64.ActiveCfg = Release|x64
		{13A91E72-76D7-4EC7-92F8-2912FB69126E}.Ad-Hoc|x64.Build.0 = Release|x64
		{13A91E72-76D7-4EC7-92F8-2912FB69126E}.Ad-Hoc|x86.ActiveCfg = Release|x86
		{13A91E72-76D7-4EC7-92F8-2912FB69126E}.Ad-Hoc|x86.Build.0 = Release|x86
		{13A91E72-76D7-4EC7-92F8-2912FB69126E}.AppStore|Any CPU.ActiveCfg = Release|x86
		{13A91E72-76D7-4EC7-92F8-2912FB69126E}.AppStore|Any CPU.Build.0 = Release|x86
		{13A91E72-76D7-4EC7-92F8-2912FB69126E}.AppStore|ARM.ActiveCfg = Release|ARM
		{13A91E72-76D7-4EC7-92F8-2912FB69126E}.AppStore|ARM.Build.0 = Release|ARM
		{13A91E72-76D7-4EC7-92F8-2912FB69126E}.AppStore|ARM64.ActiveCfg = Release|ARM64
		{13A91E72-76D7-4EC7-92F8-2912FB69126E}.AppStore|ARM64.Build.0 = Release|ARM64
		{13A91E72-76D7-4EC7-92F8-2912FB69126E}.AppStore|iPhone.ActiveCfg = Release|x86
		{13A91E72-76D7-4EC7-92F8-2912FB69126E}.AppStore|iPhone.Build.0 = Release|x86
		{13A91E72-76D7-4EC7-92F8-2912FB69126E}.AppStore|iPhoneSimulator.ActiveCfg = Release|x86
		{13A91E72-76D7-4EC7-92F8-2912FB69126E}.AppStore|iPhoneSimulator.Build.0 = Release|x86
		{13A91E72-76D7-4EC7-92F8-2912FB69126E}.AppStore|x64.ActiveCfg = Release|x64
		{13A91E72-76D7-4EC7-92F8-2912FB69126E}.AppStore|x64.Build.0 = Release|x64
		{13A91E72-76D7-4EC7-92F8-2912FB69126E}.AppStore|x86.ActiveCfg = Release|x86
		{13A91E72-76D7-4EC7-92F8-2912FB69126E}.AppStore|x86.Build.0 = Release|x86
		{13A91E72-76D7-4EC7-92F8-2912FB69126E}.Debug|Any CPU.ActiveCfg = Debug|x86
		{13A91E72-76D7-4EC7-92F8-2912FB69126E}.Debug|ARM.ActiveCfg = Debug|ARM
		{13A91E72-76D7-4EC7-92F8-2912FB69126E}.Debug|ARM.Build.0 = Debug|ARM
		{13A91E72-76D7-4EC7-92F8-2912FB69126E}.Debug|ARM64.ActiveCfg = Debug|ARM64
		{13A91E72-76D7-4EC7-92F8-2912FB69126E}.Debug|ARM64.Build.0 = Debug|ARM64
		{13A91E72-76D7-4EC7-92F8-2912FB69126E}.Debug|iPhone.ActiveCfg = Debug|x86
		{13A91E72-76D7-4EC7-92F8-2912FB69126E}.Debug|iPhone.Build.0 = Debug|x86
		{13A91E72-76D7-4EC7-92F8-2912FB69126E}.Debug|iPhoneSimulator.ActiveCfg = Debug|x86
		{13A91E72-76D7-4EC7-92F8-2912FB69126E}.Debug|x64.ActiveCfg = Debug|x64
		{13A91E72-76D7-4EC7-92F8-2912FB69126E}.Debug|x64.Build.0 = Debug|x64
		{13A91E72-76D7-4EC7-92F8-2912FB69126E}.Debug|x86.ActiveCfg = Debug|x86
		{13A91E72-76D7-4EC7-92F8-2912FB69126E}.Debug|x86.Build.0 = Debug|x86
		{13A91E72-76D7-4EC7-92F8-2912FB69126E}.Release|Any CPU.ActiveCfg = Release|x86
		{13A91E72-76D7-4EC7-92F8-2912FB69126E}.Release|ARM.ActiveCfg = Release|ARM
		{13A91E72-76D7-4EC7-92F8-2912FB69126E}.Release|ARM.Build.0 = Release|ARM
		{13A91E72-76D7-4EC7-92F8-2912FB69126E}.Release|ARM64.ActiveCfg = Release|ARM64
		{13A91E72-76D7-4EC7-92F8-2912FB69126E}.Release|ARM64.Build.0 = Release|ARM64
		{13A91E72-76D7-4EC7-92F8-2912FB69126E}.Release|iPhone.ActiveCfg = Release|x86
		{13A91E72-76D7-4EC7-92F8-2912FB69126E}.Release|iPhoneSimulator.ActiveCfg = Release|x86
		{13A91E72-76D7-4EC7-92F8-2912FB69126E}.Release|x64.ActiveCfg = Release|x64
		{13A91E72-76D7-4EC7-92F8-2912FB69126E}.Release|x64.Build.0 = Release|x64
		{13A91E72-76D7-4EC7-92F8-2912FB69126E}.Release|x86.ActiveCfg = Release|x86
		{13A91E72-76D7-4EC7-92F8-2912FB69126E}.Release|x86.Build.0 = Release|x86
		{298D4EA3-0478-48F4-85B1-7445AB0A79CC}.Ad-Hoc|Any CPU.ActiveCfg = Release|x86
		{298D4EA3-0478-48F4-85B1-7445AB0A79CC}.Ad-Hoc|Any CPU.Build.0 = Release|x86
		{298D4EA3-0478-48F4-85B1-7445AB0A79CC}.Ad-Hoc|ARM.ActiveCfg = Release|ARM
		{298D4EA3-0478-48F4-85B1-7445AB0A79CC}.Ad-Hoc|ARM.Build.0 = Release|ARM
		{298D4EA3-0478-48F4-85B1-7445AB0A79CC}.Ad-Hoc|ARM64.ActiveCfg = Release|ARM64
		{298D4EA3-0478-48F4-85B1-7445AB0A79CC}.Ad-Hoc|ARM64.Build.0 = Release|ARM64
		{298D4EA3-0478-48F4-85B1-7445AB0A79CC}.Ad-Hoc|iPhone.ActiveCfg = Release|x86
		{298D4EA3-0478-48F4-85B1-7445AB0A79CC}.Ad-Hoc|iPhone.Build.0 = Release|x86
		{298D4EA3-0478-48F4-85B1-7445AB0A79CC}.Ad-Hoc|iPhoneSimulator.ActiveCfg = Release|x86
		{298D4EA3-0478-48F4-85B1-7445AB0A79CC}.Ad-Hoc|iPhoneSimulator.Build.0 = Release|x86
		{298D4EA3-0478-48F4-85B1-7445AB0A79CC}.Ad-Hoc|x64.ActiveCfg = Release|x64
		{298D4EA3-0478-48F4-85B1-7445AB0A79CC}.Ad-Hoc|x64.Build.0 = Release|x64
		{298D4EA3-0478-48F4-85B1-7445AB0A79CC}.Ad-Hoc|x86.ActiveCfg = Release|x86
		{298D4EA3-0478-48F4-85B1-7445AB0A79CC}.Ad-Hoc|x86.Build.0 = Release|x86
		{298D4EA3-0478-48F4-85B1-7445AB0A79CC}.AppStore|Any CPU.ActiveCfg = Release|x86
		{298D4EA3-0478-48F4-85B1-7445AB0A79CC}.AppStore|Any CPU.Build.0 = Release|x86
		{298D4EA3-0478-48F4-85B1-7445AB0A79CC}.AppStore|ARM.ActiveCfg = Release|ARM
		{298D4EA3-0478-48F4-85B1-7445AB0A79CC}.AppStore|ARM.Build.0 = Release|ARM
		{298D4EA3-0478-48F4-85B1-7445AB0A79CC}.AppStore|ARM64.ActiveCfg = Release|ARM64
		{298D4EA3-0478-48F4-85B1-7445AB0A79CC}.AppStore|ARM64.Build.0 = Release|ARM64
		{298D4EA3-0478-48F4-85B1-7445AB0A79CC}.AppStore|iPhone.ActiveCfg = Release|x86
		{298D4EA3-0478-48F4-85B1-7445AB0A79CC}.AppStore|iPhone.Build.0 = Release|x86
		{298D4EA3-0478-48F4-85B1-7445AB0A79CC}.AppStore|iPhoneSimulator.ActiveCfg = Release|x86
		{298D4EA3-0478-48F4-85B1-7445AB0A79CC}.AppStore|iPhoneSimulator.Build.0 = Release|x86
		{298D4EA3-0478-48F4-85B1-7445AB0A79CC}.AppStore|x64.ActiveCfg = Release|x64
		{298D4EA3-0478-48F4-85B1-7445AB0A79CC}.AppStore|x64.Build.0 = Release|x64
		{298D4EA3-0478-48F4-85B1-7445AB0A79CC}.AppStore|x86.ActiveCfg = Release|x86
		{298D4EA3-0478-48F4-85B1-7445AB0A79CC}.AppStore|x86.Build.0 = Release|x86
		{298D4EA3-0478-48F4-85B1-7445AB0A79CC}.Debug|Any CPU.ActiveCfg = Debug|x86
		{298D4EA3-0478-48F4-85B1-7445AB0A79CC}.Debug|ARM.ActiveCfg = Debug|ARM
		{298D4EA3-0478-48F4-85B1-7445AB0A79CC}.Debug|ARM.Build.0 = Debug|ARM
		{298D4EA3-0478-48F4-85B1-7445AB0A79CC}.Debug|ARM64.ActiveCfg = Debug|ARM64
		{298D4EA3-0478-48F4-85B1-7445AB0A79CC}.Debug|ARM64.Build.0 = Debug|ARM64
		{298D4EA3-0478-48F4-85B1-7445AB0A79CC}.Debug|iPhone.ActiveCfg = Debug|x86
		{298D4EA3-0478-48F4-85B1-7445AB0A79CC}.Debug|iPhone.Build.0 = Debug|x86
		{298D4EA3-0478-48F4-85B1-7445AB0A79CC}.Debug|iPhoneSimulator.ActiveCfg = Debug|x86
		{298D4EA3-0478-48F4-85B1-7445AB0A79CC}.Debug|x64.ActiveCfg = Debug|x64
		{298D4EA3-0478-48F4-85B1-7445AB0A79CC}.Debug|x64.Build.0 = Debug|x64
		{298D4EA3-0478-48F4-85B1-7445AB0A79CC}.Debug|x86.ActiveCfg = Debug|x86
		{298D4EA3-0478-48F4-85B1-7445AB0A79CC}.Debug|x86.Build.0 = Debug|x86
		{298D4EA3-0478-48F4-85B1-7445AB0A79CC}.Release|Any CPU.ActiveCfg = Release|x86
		{298D4EA3-0478-48F4-85B1-7445AB0A79CC}.Release|ARM.ActiveCfg = Release|ARM
		{298D4EA3-0478-48F4-85B1-7445AB0A79CC}.Release|ARM.Build.0 = Release|ARM
		{298D4EA3-0478-48F4-85B1-7445AB0A79CC}.Release|ARM64.ActiveCfg = Release|ARM64
		{298D4EA3-0478-48F4-85B1-7445AB0A79CC}.Release|ARM64.Build.0 = Release|ARM64
		{298D4EA3-0478-48F4-85B1-7445AB0A79CC}.Release|iPhone.ActiveCfg = Release|x86
		{298D4EA3-0478-48F4-85B1-7445AB0A79CC}.Release|iPhoneSimulator.ActiveCfg = Release|x86
		{298D4EA3-0478-48F4-85B1-7445AB0A79CC}.Release|x64.ActiveCfg = Release|x64
		{298D4EA3-0478-48F4-85B1-7445AB0A79CC}.Release|x64.Build.0 = Release|x64
		{298D4EA3-0478-48F4-85B1-7445AB0A79CC}.Release|x86.ActiveCfg = Release|x86
		{298D4EA3-0478-48F4-85B1-7445AB0A79CC}.Release|x86.Build.0 = Release|x86
	EndGlobalSection
	GlobalSection(SolutionProperties) = preSolution
		HideSolutionNode = FALSE
	EndGlobalSection
EndGlobal
