
Microsoft Visual Studio Solution File, Format Version 12.00
# Visual Studio Version 16
VisualStudioVersion = 16.0.29519.87
MinimumVisualStudioVersion = 10.0.40219.1
Project("{9A19103F-16F7-4668-BE54-9A1E7A4F7556}") = "FinSysCore", "FinSysCore\FinSysCore.csproj", "{EFD5F715-0918-4F75-97FA-E1585373949D}"
EndProject
Project("{8BC9CEB8-8B4A-11D0-8D11-00A0C91BC942}") = "Calc", "Calc\Calc.vcxproj", "{99FDC062-CC75-4056-9C73-09526177C97C}"
EndProject
Project("{FAE04EC0-301F-11D3-BF4B-00C04F79EFBC}") = "CalcTests", "CalcTests\CalcTests.csproj", "{E218AD31-02BB-4FD2-B764-BDB8082FDA1A}"
EndProject
Global
	GlobalSection(SolutionConfigurationPlatforms) = preSolution
		Debug|Any CPU = Debug|Any CPU
		Debug|x64 = Debug|x64
		Debug|x86 = Debug|x86
		Release|Any CPU = Release|Any CPU
		Release|x64 = Release|x64
		Release|x86 = Release|x86
	EndGlobalSection
	GlobalSection(ProjectConfigurationPlatforms) = postSolution
		{EFD5F715-0918-4F75-97FA-E1585373949D}.Debug|Any CPU.ActiveCfg = Debug|Any CPU
		{EFD5F715-0918-4F75-97FA-E1585373949D}.Debug|Any CPU.Build.0 = Debug|Any CPU
		{EFD5F715-0918-4F75-97FA-E1585373949D}.Debug|x64.ActiveCfg = Debug|Any CPU
		{EFD5F715-0918-4F75-97FA-E1585373949D}.Debug|x64.Build.0 = Debug|Any CPU
		{EFD5F715-0918-4F75-97FA-E1585373949D}.Debug|x86.ActiveCfg = Debug|Any CPU
		{EFD5F715-0918-4F75-97FA-E1585373949D}.Debug|x86.Build.0 = Debug|Any CPU
		{EFD5F715-0918-4F75-97FA-E1585373949D}.Release|Any CPU.ActiveCfg = Release|x86
		{EFD5F715-0918-4F75-97FA-E1585373949D}.Release|Any CPU.Build.0 = Release|x86
		{EFD5F715-0918-4F75-97FA-E1585373949D}.Release|x64.ActiveCfg = Release|x64
		{EFD5F715-0918-4F75-97FA-E1585373949D}.Release|x64.Build.0 = Release|x64
		{EFD5F715-0918-4F75-97FA-E1585373949D}.Release|x86.ActiveCfg = Release|x86
		{EFD5F715-0918-4F75-97FA-E1585373949D}.Release|x86.Build.0 = Release|x86
		{99FDC062-CC75-4056-9C73-09526177C97C}.Debug|Any CPU.ActiveCfg = Debug|x64
		{99FDC062-CC75-4056-9C73-09526177C97C}.Debug|Any CPU.Build.0 = Debug|x64
		{99FDC062-CC75-4056-9C73-09526177C97C}.Debug|x64.ActiveCfg = Debug|Win32
		{99FDC062-CC75-4056-9C73-09526177C97C}.Debug|x64.Build.0 = Debug|Win32
		{99FDC062-CC75-4056-9C73-09526177C97C}.Debug|x86.ActiveCfg = Debug|Win32
		{99FDC062-CC75-4056-9C73-09526177C97C}.Debug|x86.Build.0 = Debug|Win32
		{99FDC062-CC75-4056-9C73-09526177C97C}.Release|Any CPU.ActiveCfg = Release|Win32
		{99FDC062-CC75-4056-9C73-09526177C97C}.Release|Any CPU.Build.0 = Release|Win32
		{99FDC062-CC75-4056-9C73-09526177C97C}.Release|x64.ActiveCfg = Release|x64
		{99FDC062-CC75-4056-9C73-09526177C97C}.Release|x64.Build.0 = Release|x64
		{99FDC062-CC75-4056-9C73-09526177C97C}.Release|x86.ActiveCfg = Release|Win32
		{99FDC062-CC75-4056-9C73-09526177C97C}.Release|x86.Build.0 = Release|Win32
		{E218AD31-02BB-4FD2-B764-BDB8082FDA1A}.Debug|Any CPU.ActiveCfg = Debug|Any CPU
		{E218AD31-02BB-4FD2-B764-BDB8082FDA1A}.Debug|Any CPU.Build.0 = Debug|Any CPU
		{E218AD31-02BB-4FD2-B764-BDB8082FDA1A}.Debug|x64.ActiveCfg = Debug|Any CPU
		{E218AD31-02BB-4FD2-B764-BDB8082FDA1A}.Debug|x64.Build.0 = Debug|Any CPU
		{E218AD31-02BB-4FD2-B764-BDB8082FDA1A}.Debug|x86.ActiveCfg = Debug|Any CPU
		{E218AD31-02BB-4FD2-B764-BDB8082FDA1A}.Debug|x86.Build.0 = Debug|Any CPU
		{E218AD31-02BB-4FD2-B764-BDB8082FDA1A}.Release|Any CPU.ActiveCfg = Release|x86
		{E218AD31-02BB-4FD2-B764-BDB8082FDA1A}.Release|Any CPU.Build.0 = Release|x86
		{E218AD31-02BB-4FD2-B764-BDB8082FDA1A}.Release|x64.ActiveCfg = Release|x64
		{E218AD31-02BB-4FD2-B764-BDB8082FDA1A}.Release|x64.Build.0 = Release|x64
		{E218AD31-02BB-4FD2-B764-BDB8082FDA1A}.Release|x86.ActiveCfg = Release|x86
		{E218AD31-02BB-4FD2-B764-BDB8082FDA1A}.Release|x86.Build.0 = Release|x86
	EndGlobalSection
	GlobalSection(SolutionProperties) = preSolution
		HideSolutionNode = FALSE
	EndGlobalSection
	GlobalSection(ExtensibilityGlobals) = postSolution
		SolutionGuid = {BCD8BD14-D002-4A66-93C4-110DD834733F}
	EndGlobalSection
EndGlobal
